
Microsoft Visual Studio Solution File, Format Version 12.00
# Visual Studio 15
VisualStudioVersion = 15.0.26124.0
MinimumVisualStudioVersion = 15.0.26124.0
Project("{FAE04EC0-301F-11D3-BF4B-00C04F79EFBC}") = "devops-service", "devops-service\devops-service.csproj", "{4684FA52-4EE9-4C77-B5A3-F81B475E1D16}"
EndProject
Project("{FAE04EC0-301F-11D3-BF4B-00C04F79EFBC}") = "devops-service.tests", "devops-service.tests\devops-service.tests.csproj", "{8C852117-33AF-4039-BA77-63921499FBCB}"
EndProject
Global
	GlobalSection(SolutionConfigurationPlatforms) = preSolution
		Debug|Any CPU = Debug|Any CPU
		Debug|x64 = Debug|x64
		Debug|x86 = Debug|x86
		Release|Any CPU = Release|Any CPU
		Release|x64 = Release|x64
		Release|x86 = Release|x86
	EndGlobalSection
	GlobalSection(SolutionProperties) = preSolution
		HideSolutionNode = FALSE
	EndGlobalSection
	GlobalSection(ProjectConfigurationPlatforms) = postSolution
		{4684FA52-4EE9-4C77-B5A3-F81B475E1D16}.Debug|Any CPU.ActiveCfg = Debug|Any CPU
		{4684FA52-4EE9-4C77-B5A3-F81B475E1D16}.Debug|Any CPU.Build.0 = Debug|Any CPU
		{4684FA52-4EE9-4C77-B5A3-F81B475E1D16}.Debug|x64.ActiveCfg = Debug|Any CPU
		{4684FA52-4EE9-4C77-B5A3-F81B475E1D16}.Debug|x64.Build.0 = Debug|Any CPU
		{4684FA52-4EE9-4C77-B5A3-F81B475E1D16}.Debug|x86.ActiveCfg = Debug|Any CPU
		{4684FA52-4EE9-4C77-B5A3-F81B475E1D16}.Debug|x86.Build.0 = Debug|Any CPU
		{4684FA52-4EE9-4C77-B5A3-F81B475E1D16}.Release|Any CPU.ActiveCfg = Release|Any CPU
		{4684FA52-4EE9-4C77-B5A3-F81B475E1D16}.Release|Any CPU.Build.0 = Release|Any CPU
		{4684FA52-4EE9-4C77-B5A3-F81B475E1D16}.Release|x64.ActiveCfg = Release|Any CPU
		{4684FA52-4EE9-4C77-B5A3-F81B475E1D16}.Release|x64.Build.0 = Release|Any CPU
		{4684FA52-4EE9-4C77-B5A3-F81B475E1D16}.Release|x86.ActiveCfg = Release|Any CPU
		{4684FA52-4EE9-4C77-B5A3-F81B475E1D16}.Release|x86.Build.0 = Release|Any CPU
		{8C852117-33AF-4039-BA77-63921499FBCB}.Debug|Any CPU.ActiveCfg = Debug|Any CPU
		{8C852117-33AF-4039-BA77-63921499FBCB}.Debug|Any CPU.Build.0 = Debug|Any CPU
		{8C852117-33AF-4039-BA77-63921499FBCB}.Debug|x64.ActiveCfg = Debug|Any CPU
		{8C852117-33AF-4039-BA77-63921499FBCB}.Debug|x64.Build.0 = Debug|Any CPU
		{8C852117-33AF-4039-BA77-63921499FBCB}.Debug|x86.ActiveCfg = Debug|Any CPU
		{8C852117-33AF-4039-BA77-63921499FBCB}.Debug|x86.Build.0 = Debug|Any CPU
		{8C852117-33AF-4039-BA77-63921499FBCB}.Release|Any CPU.ActiveCfg = Release|Any CPU
		{8C852117-33AF-4039-BA77-63921499FBCB}.Release|Any CPU.Build.0 = Release|Any CPU
		{8C852117-33AF-4039-BA77-63921499FBCB}.Release|x64.ActiveCfg = Release|Any CPU
		{8C852117-33AF-4039-BA77-63921499FBCB}.Release|x64.Build.0 = Release|Any CPU
		{8C852117-33AF-4039-BA77-63921499FBCB}.Release|x86.ActiveCfg = Release|Any CPU
		{8C852117-33AF-4039-BA77-63921499FBCB}.Release|x86.Build.0 = Release|Any CPU
	EndGlobalSection
EndGlobal
